# THIS IS AN AUTOGENERATED FILE. DO NOT EDIT THIS FILE DIRECTLY.
# yarn lockfile v1


"@popperjs/core@^2.11.5":
  version "2.11.5"
  resolved "https://registry.npmjs.org/@popperjs/core/-/core-2.11.5.tgz"
  integrity sha512-9X2obfABZuDVLCgPK9aX0a/x4jaOEweTTWE2+9sr0Qqqevj2Uv5XorvusThmc9XGYpS9yI+fhh8RTafBtGposw==

bootstrap@5.2.0-beta1:
  version "5.2.0-beta1"
  resolved "https://registry.yarnpkg.com/bootstrap/-/bootstrap-5.2.0-beta1.tgz#75647ff7327c2cac9b8e1cb6728a790a5be4cefc"
  integrity sha512-6qbgs177WZEFY4SLQUq3tEHayYG80nfDmyTpdKi0MJqRMdS+HAoq24+YKfx6wf+nHY0rx8zrh477J1lFu4WzOA==
